
Microsoft Visual Studio Solution File, Format Version 12.00
# Visual Studio Version 16
VisualStudioVersion = 16.0.28729.10
MinimumVisualStudioVersion = 10.0.40219.1
Project("{9A19103F-16F7-4668-BE54-9A1E7A4F7556}") = "Maestro", "src\Maestro\Maestro.csproj", "{E07CB006-2C92-4CC5-B6FB-053A4BE849EB}"
EndProject
Project("{9A19103F-16F7-4668-BE54-9A1E7A4F7556}") = "Maestro.Castle.DynamicProxy", "src\Maestro.Castle.DynamicProxy\Maestro.Castle.DynamicProxy.csproj", "{F74C9100-D385-4573-B973-0B534E1FB976}"
EndProject
Project("{2150E333-8FDC-42A3-9474-1A3956D46DE8}") = "Solution items", "Solution items", "{DE4F0E5E-F742-45D9-B011-DCFA614B0AA6}"
	ProjectSection(SolutionItems) = preProject
		.editorconfig = .editorconfig
	EndProjectSection
EndProject
Project("{9A19103F-16F7-4668-BE54-9A1E7A4F7556}") = "Maestro.Microsoft.DependencyInjection", "src\Maestro.Microsoft.DependencyInjection\Maestro.Microsoft.DependencyInjection.csproj", "{B8474763-52FB-4201-9F3F-CE1D20785C49}"
EndProject
Project("{9A19103F-16F7-4668-BE54-9A1E7A4F7556}") = "Maestro.Microsoft.AspNetCore", "src\Maestro.Microsoft.AspNetCore\Maestro.Microsoft.AspNetCore.csproj", "{AAD9343C-F282-46BC-8FEB-971FD5C6BD56}"
EndProject
Project("{9A19103F-16F7-4668-BE54-9A1E7A4F7556}") = "Maestro.Tests", "test\Maestro.Tests\Maestro.Tests.csproj", "{5A1B894E-A478-4C7B-AE6C-408B87C56156}"
EndProject
Project("{9A19103F-16F7-4668-BE54-9A1E7A4F7556}") = "Maestro.Microsoft.DependencyInjection.Tests", "test\Maestro.Microsoft.DependencyInjection.Tests\Maestro.Microsoft.DependencyInjection.Tests.csproj", "{95070B9F-684E-4799-96EB-267962C522B8}"
EndProject
Project("{9A19103F-16F7-4668-BE54-9A1E7A4F7556}") = "Maestro.Microsoft.AspNetCore.Tests", "test\Maestro.Microsoft.AspNetCore.Tests\Maestro.Microsoft.AspNetCore.Tests.csproj", "{B75BB5E9-15CF-41EC-9FF4-C183B83EEB0C}"
EndProject
Project("{9A19103F-16F7-4668-BE54-9A1E7A4F7556}") = "Maestro.Castle.DynamicProxy.Tests", "test\Maestro.Castle.DynamicProxy.Tests\Maestro.Castle.DynamicProxy.Tests.csproj", "{E87C0032-BCBC-4D26-BD1E-77DE433C2A67}"
EndProject
Project("{9A19103F-16F7-4668-BE54-9A1E7A4F7556}") = "Maestro.Benchmarks", "benchmarks\Maestro.Benchmarks\Maestro.Benchmarks.csproj", "{0E1B8E70-6DCE-4B9F-9461-71BF21C77E17}"
EndProject
Project("{9A19103F-16F7-4668-BE54-9A1E7A4F7556}") = "Maestro.Microsoft.Hosting", "src\Maestro.Microsoft.Hosting\Maestro.Microsoft.Hosting.csproj", "{98C9C16A-BC5C-4877-826F-327C24DD7619}"
EndProject
Project("{9A19103F-16F7-4668-BE54-9A1E7A4F7556}") = "Maestro.Microsoft.Hosting.Tests", "test\Maestro.Microsoft.Hosting.Tests\Maestro.Microsoft.Hosting.Tests.csproj", "{7AC3EF98-7C47-4966-B1CE-F6053AF8E841}"
EndProject
Global
	GlobalSection(SolutionConfigurationPlatforms) = preSolution
		Debug|Any CPU = Debug|Any CPU
		Release|Any CPU = Release|Any CPU
	EndGlobalSection
	GlobalSection(ProjectConfigurationPlatforms) = postSolution
		{E07CB006-2C92-4CC5-B6FB-053A4BE849EB}.Debug|Any CPU.ActiveCfg = Debug|Any CPU
		{E07CB006-2C92-4CC5-B6FB-053A4BE849EB}.Debug|Any CPU.Build.0 = Debug|Any CPU
		{E07CB006-2C92-4CC5-B6FB-053A4BE849EB}.Release|Any CPU.ActiveCfg = Release|Any CPU
		{E07CB006-2C92-4CC5-B6FB-053A4BE849EB}.Release|Any CPU.Build.0 = Release|Any CPU
		{F74C9100-D385-4573-B973-0B534E1FB976}.Debug|Any CPU.ActiveCfg = Debug|Any CPU
		{F74C9100-D385-4573-B973-0B534E1FB976}.Debug|Any CPU.Build.0 = Debug|Any CPU
		{F74C9100-D385-4573-B973-0B534E1FB976}.Release|Any CPU.ActiveCfg = Release|Any CPU
		{F74C9100-D385-4573-B973-0B534E1FB976}.Release|Any CPU.Build.0 = Release|Any CPU
		{B8474763-52FB-4201-9F3F-CE1D20785C49}.Debug|Any CPU.ActiveCfg = Debug|Any CPU
		{B8474763-52FB-4201-9F3F-CE1D20785C49}.Debug|Any CPU.Build.0 = Debug|Any CPU
		{B8474763-52FB-4201-9F3F-CE1D20785C49}.Release|Any CPU.ActiveCfg = Release|Any CPU
		{B8474763-52FB-4201-9F3F-CE1D20785C49}.Release|Any CPU.Build.0 = Release|Any CPU
		{AAD9343C-F282-46BC-8FEB-971FD5C6BD56}.Debug|Any CPU.ActiveCfg = Debug|Any CPU
		{AAD9343C-F282-46BC-8FEB-971FD5C6BD56}.Debug|Any CPU.Build.0 = Debug|Any CPU
		{AAD9343C-F282-46BC-8FEB-971FD5C6BD56}.Release|Any CPU.ActiveCfg = Release|Any CPU
		{AAD9343C-F282-46BC-8FEB-971FD5C6BD56}.Release|Any CPU.Build.0 = Release|Any CPU
		{5A1B894E-A478-4C7B-AE6C-408B87C56156}.Debug|Any CPU.ActiveCfg = Debug|Any CPU
		{5A1B894E-A478-4C7B-AE6C-408B87C56156}.Debug|Any CPU.Build.0 = Debug|Any CPU
		{5A1B894E-A478-4C7B-AE6C-408B87C56156}.Release|Any CPU.ActiveCfg = Release|Any CPU
		{5A1B894E-A478-4C7B-AE6C-408B87C56156}.Release|Any CPU.Build.0 = Release|Any CPU
		{95070B9F-684E-4799-96EB-267962C522B8}.Debug|Any CPU.ActiveCfg = Debug|Any CPU
		{95070B9F-684E-4799-96EB-267962C522B8}.Debug|Any CPU.Build.0 = Debug|Any CPU
		{95070B9F-684E-4799-96EB-267962C522B8}.Release|Any CPU.ActiveCfg = Release|Any CPU
		{95070B9F-684E-4799-96EB-267962C522B8}.Release|Any CPU.Build.0 = Release|Any CPU
		{B75BB5E9-15CF-41EC-9FF4-C183B83EEB0C}.Debug|Any CPU.ActiveCfg = Debug|Any CPU
		{B75BB5E9-15CF-41EC-9FF4-C183B83EEB0C}.Debug|Any CPU.Build.0 = Debug|Any CPU
		{B75BB5E9-15CF-41EC-9FF4-C183B83EEB0C}.Release|Any CPU.ActiveCfg = Release|Any CPU
		{B75BB5E9-15CF-41EC-9FF4-C183B83EEB0C}.Release|Any CPU.Build.0 = Release|Any CPU
		{E87C0032-BCBC-4D26-BD1E-77DE433C2A67}.Debug|Any CPU.ActiveCfg = Debug|Any CPU
		{E87C0032-BCBC-4D26-BD1E-77DE433C2A67}.Debug|Any CPU.Build.0 = Debug|Any CPU
		{E87C0032-BCBC-4D26-BD1E-77DE433C2A67}.Release|Any CPU.ActiveCfg = Release|Any CPU
		{E87C0032-BCBC-4D26-BD1E-77DE433C2A67}.Release|Any CPU.Build.0 = Release|Any CPU
		{0E1B8E70-6DCE-4B9F-9461-71BF21C77E17}.Debug|Any CPU.ActiveCfg = Debug|Any CPU
		{0E1B8E70-6DCE-4B9F-9461-71BF21C77E17}.Debug|Any CPU.Build.0 = Debug|Any CPU
		{0E1B8E70-6DCE-4B9F-9461-71BF21C77E17}.Release|Any CPU.ActiveCfg = Release|Any CPU
		{0E1B8E70-6DCE-4B9F-9461-71BF21C77E17}.Release|Any CPU.Build.0 = Release|Any CPU
		{98C9C16A-BC5C-4877-826F-327C24DD7619}.Debug|Any CPU.ActiveCfg = Debug|Any CPU
		{98C9C16A-BC5C-4877-826F-327C24DD7619}.Debug|Any CPU.Build.0 = Debug|Any CPU
		{98C9C16A-BC5C-4877-826F-327C24DD7619}.Release|Any CPU.ActiveCfg = Release|Any CPU
		{98C9C16A-BC5C-4877-826F-327C24DD7619}.Release|Any CPU.Build.0 = Release|Any CPU
		{7AC3EF98-7C47-4966-B1CE-F6053AF8E841}.Debug|Any CPU.ActiveCfg = Debug|Any CPU
		{7AC3EF98-7C47-4966-B1CE-F6053AF8E841}.Debug|Any CPU.Build.0 = Debug|Any CPU
		{7AC3EF98-7C47-4966-B1CE-F6053AF8E841}.Release|Any CPU.ActiveCfg = Release|Any CPU
		{7AC3EF98-7C47-4966-B1CE-F6053AF8E841}.Release|Any CPU.Build.0 = Release|Any CPU
	EndGlobalSection
	GlobalSection(SolutionProperties) = preSolution
		HideSolutionNode = FALSE
	EndGlobalSection
	GlobalSection(ExtensibilityGlobals) = postSolution
		SolutionGuid = {083A5284-62C5-47ED-A84F-D014239F99F9}
	EndGlobalSection
EndGlobal
