
Microsoft Visual Studio Solution File, Format Version 12.00
# Visual Studio 14
VisualStudioVersion = 14.0.25420.1
MinimumVisualStudioVersion = 10.0.40219.1
Project("{FAE04EC0-301F-11D3-BF4B-00C04F79EFBC}") = "Maestro.Core", "Maestro.Core\Maestro.Core.csproj", "{E07CB006-2C92-4CC5-B6FB-053A4BE849EB}"
EndProject
Project("{FAE04EC0-301F-11D3-BF4B-00C04F79EFBC}") = "Maestro.Tests", "Maestro.Tests\Maestro.Tests.csproj", "{641763B1-DDDE-4435-B06C-413A1B6A825B}"
EndProject
Project("{FAE04EC0-301F-11D3-BF4B-00C04F79EFBC}") = "CommonServiceLocator.MaestroAdapter", "CommonServiceLocator.MaestroAdapter\CommonServiceLocator.MaestroAdapter.csproj", "{E79795D3-6C35-4846-91C1-D9E66C61E394}"
EndProject
Project("{FAE04EC0-301F-11D3-BF4B-00C04F79EFBC}") = "Maestro.Interception.DynamicProxy", "Maestro.Interception.DynamicProxy\Maestro.Interception.DynamicProxy.csproj", "{F74C9100-D385-4573-B973-0B534E1FB976}"
EndProject
Project("{2150E333-8FDC-42A3-9474-1A3956D46DE8}") = "Solution items", "Solution items", "{DE4F0E5E-F742-45D9-B011-DCFA614B0AA6}"
	ProjectSection(SolutionItems) = preProject
		.editorconfig = .editorconfig
	EndProjectSection
EndProject
Project("{FAE04EC0-301F-11D3-BF4B-00C04F79EFBC}") = "Maestro.V1ApiCompatibilityShim", "Maestro.V1ApiCompatibilityShim\Maestro.V1ApiCompatibilityShim.csproj", "{E4CBF5D4-DDD7-4205-9807-6A78C6135838}"
EndProject
Project("{FAE04EC0-301F-11D3-BF4B-00C04F79EFBC}") = "Maestro.Microsoft.DependencyInjection", "Maestro.Microsoft.DependencyInjection\Maestro.Microsoft.DependencyInjection.csproj", "{B8474763-52FB-4201-9F3F-CE1D20785C49}"
EndProject
Global
	GlobalSection(SolutionConfigurationPlatforms) = preSolution
		Debug|Any CPU = Debug|Any CPU
		Release|Any CPU = Release|Any CPU
	EndGlobalSection
	GlobalSection(ProjectConfigurationPlatforms) = postSolution
		{E07CB006-2C92-4CC5-B6FB-053A4BE849EB}.Debug|Any CPU.ActiveCfg = Debug|Any CPU
		{E07CB006-2C92-4CC5-B6FB-053A4BE849EB}.Debug|Any CPU.Build.0 = Debug|Any CPU
		{E07CB006-2C92-4CC5-B6FB-053A4BE849EB}.Release|Any CPU.ActiveCfg = Release|Any CPU
		{E07CB006-2C92-4CC5-B6FB-053A4BE849EB}.Release|Any CPU.Build.0 = Release|Any CPU
		{641763B1-DDDE-4435-B06C-413A1B6A825B}.Debug|Any CPU.ActiveCfg = Debug|Any CPU
		{641763B1-DDDE-4435-B06C-413A1B6A825B}.Debug|Any CPU.Build.0 = Debug|Any CPU
		{641763B1-DDDE-4435-B06C-413A1B6A825B}.Release|Any CPU.ActiveCfg = Release|Any CPU
		{641763B1-DDDE-4435-B06C-413A1B6A825B}.Release|Any CPU.Build.0 = Release|Any CPU
		{E79795D3-6C35-4846-91C1-D9E66C61E394}.Debug|Any CPU.ActiveCfg = Debug|Any CPU
		{E79795D3-6C35-4846-91C1-D9E66C61E394}.Debug|Any CPU.Build.0 = Debug|Any CPU
		{E79795D3-6C35-4846-91C1-D9E66C61E394}.Release|Any CPU.ActiveCfg = Release|Any CPU
		{E79795D3-6C35-4846-91C1-D9E66C61E394}.Release|Any CPU.Build.0 = Release|Any CPU
		{F74C9100-D385-4573-B973-0B534E1FB976}.Debug|Any CPU.ActiveCfg = Debug|Any CPU
		{F74C9100-D385-4573-B973-0B534E1FB976}.Debug|Any CPU.Build.0 = Debug|Any CPU
		{F74C9100-D385-4573-B973-0B534E1FB976}.Release|Any CPU.ActiveCfg = Release|Any CPU
		{F74C9100-D385-4573-B973-0B534E1FB976}.Release|Any CPU.Build.0 = Release|Any CPU
		{E4CBF5D4-DDD7-4205-9807-6A78C6135838}.Debug|Any CPU.ActiveCfg = Debug|Any CPU
		{E4CBF5D4-DDD7-4205-9807-6A78C6135838}.Debug|Any CPU.Build.0 = Debug|Any CPU
		{E4CBF5D4-DDD7-4205-9807-6A78C6135838}.Release|Any CPU.ActiveCfg = Release|Any CPU
		{E4CBF5D4-DDD7-4205-9807-6A78C6135838}.Release|Any CPU.Build.0 = Release|Any CPU
		{B8474763-52FB-4201-9F3F-CE1D20785C49}.Debug|Any CPU.ActiveCfg = Debug|Any CPU
		{B8474763-52FB-4201-9F3F-CE1D20785C49}.Debug|Any CPU.Build.0 = Debug|Any CPU
		{B8474763-52FB-4201-9F3F-CE1D20785C49}.Release|Any CPU.ActiveCfg = Release|Any CPU
		{B8474763-52FB-4201-9F3F-CE1D20785C49}.Release|Any CPU.Build.0 = Release|Any CPU
	EndGlobalSection
	GlobalSection(SolutionProperties) = preSolution
		HideSolutionNode = FALSE
	EndGlobalSection
EndGlobal
